{
  "name": "03_PROJECT",
  "lockfileVersion": 3,
  "requires": true,
  "packages": {},
  "scripts": {
    "client-install": "cd client && npm install",
    "server-install": "cd server && npm install",
    "install": "concurrently \"npm run client-install\" \"npm run server-install\"",
    "client": "cd client && npm start",
    "server": "cd server && npm start",
    "start": "concurrently \"npm run client\" \"npm run server\""
  }
}
